
Microsoft Visual Studio Solution File, Format Version 12.00
# Visual Studio Version 17
VisualStudioVersion = 17.2.32519.379
MinimumVisualStudioVersion = 10.0.40219.1
Project("{2150E333-8FDC-42A3-9474-1A3956D46DE8}") = "Services", "Services", "{37D8EED0-1122-456C-BC34-D4EF78BF120A}"
EndProject
Project("{2150E333-8FDC-42A3-9474-1A3956D46DE8}") = "Catalog", "Catalog", "{45B1C371-BE8F-43D7-B2FA-4F7F31198EF4}"
EndProject
Project("{9A19103F-16F7-4668-BE54-9A1E7A4F7556}") = "Catalog.API", "Services\Catalog\Catalog.API\Catalog.API.csproj", "{48D8963E-C065-4AD3-854C-04DF2E1342D3}"
EndProject
Project("{E53339B2-1760-4266-BCC7-CA923CBCF16C}") = "docker-compose", "docker-compose.dcproj", "{EB777301-C2DA-4976-852B-CAF82AA74FEC}"
EndProject
Project("{2150E333-8FDC-42A3-9474-1A3956D46DE8}") = "Basket", "Basket", "{E2AAB4E4-CD03-415D-AE97-00D5850DD333}"
EndProject
Project("{9A19103F-16F7-4668-BE54-9A1E7A4F7556}") = "Basket.API", "Services\Basket\Basket.API\Basket.API.csproj", "{A386366B-25A4-4BEF-B8EB-D8696A44E0E4}"
EndProject
Global
	GlobalSection(SolutionConfigurationPlatforms) = preSolution
		Debug|Any CPU = Debug|Any CPU
		Release|Any CPU = Release|Any CPU
	EndGlobalSection
	GlobalSection(ProjectConfigurationPlatforms) = postSolution
		{48D8963E-C065-4AD3-854C-04DF2E1342D3}.Debug|Any CPU.ActiveCfg = Debug|Any CPU
		{48D8963E-C065-4AD3-854C-04DF2E1342D3}.Debug|Any CPU.Build.0 = Debug|Any CPU
		{48D8963E-C065-4AD3-854C-04DF2E1342D3}.Release|Any CPU.ActiveCfg = Release|Any CPU
		{48D8963E-C065-4AD3-854C-04DF2E1342D3}.Release|Any CPU.Build.0 = Release|Any CPU
		{EB777301-C2DA-4976-852B-CAF82AA74FEC}.Debug|Any CPU.ActiveCfg = Debug|Any CPU
		{EB777301-C2DA-4976-852B-CAF82AA74FEC}.Debug|Any CPU.Build.0 = Debug|Any CPU
		{EB777301-C2DA-4976-852B-CAF82AA74FEC}.Release|Any CPU.ActiveCfg = Release|Any CPU
		{EB777301-C2DA-4976-852B-CAF82AA74FEC}.Release|Any CPU.Build.0 = Release|Any CPU
		{A386366B-25A4-4BEF-B8EB-D8696A44E0E4}.Debug|Any CPU.ActiveCfg = Debug|Any CPU
		{A386366B-25A4-4BEF-B8EB-D8696A44E0E4}.Debug|Any CPU.Build.0 = Debug|Any CPU
		{A386366B-25A4-4BEF-B8EB-D8696A44E0E4}.Release|Any CPU.ActiveCfg = Release|Any CPU
		{A386366B-25A4-4BEF-B8EB-D8696A44E0E4}.Release|Any CPU.Build.0 = Release|Any CPU
	EndGlobalSection
	GlobalSection(SolutionProperties) = preSolution
		HideSolutionNode = FALSE
	EndGlobalSection
	GlobalSection(NestedProjects) = preSolution
		{45B1C371-BE8F-43D7-B2FA-4F7F31198EF4} = {37D8EED0-1122-456C-BC34-D4EF78BF120A}
		{48D8963E-C065-4AD3-854C-04DF2E1342D3} = {45B1C371-BE8F-43D7-B2FA-4F7F31198EF4}
		{E2AAB4E4-CD03-415D-AE97-00D5850DD333} = {37D8EED0-1122-456C-BC34-D4EF78BF120A}
		{A386366B-25A4-4BEF-B8EB-D8696A44E0E4} = {E2AAB4E4-CD03-415D-AE97-00D5850DD333}
	EndGlobalSection
	GlobalSection(ExtensibilityGlobals) = postSolution
		SolutionGuid = {E064101A-231A-4C11-B43B-C1F135DD0ABB}
	EndGlobalSection
EndGlobal
